
Microsoft Visual Studio Solution File, Format Version 12.00
# Visual Studio 15
VisualStudioVersion = 15.0.27130.2010
MinimumVisualStudioVersion = 10.0.40219.1
Project("{FAE04EC0-301F-11D3-BF4B-00C04F79EFBC}") = "SeleniumPractice", "SeleniumPractice\SeleniumPractice.csproj", "{ADCA7C7E-3410-4CFB-B800-603641E2EB15}"
EndProject
Global
	GlobalSection(SolutionConfigurationPlatforms) = preSolution
		Debug|Any CPU = Debug|Any CPU
		Release|Any CPU = Release|Any CPU
	EndGlobalSection
	GlobalSection(ProjectConfigurationPlatforms) = postSolution
		{ADCA7C7E-3410-4CFB-B800-603641E2EB15}.Debug|Any CPU.ActiveCfg = Debug|Any CPU
		{ADCA7C7E-3410-4CFB-B800-603641E2EB15}.Debug|Any CPU.Build.0 = Debug|Any CPU
		{ADCA7C7E-3410-4CFB-B800-603641E2EB15}.Release|Any CPU.ActiveCfg = Release|Any CPU
		{ADCA7C7E-3410-4CFB-B800-603641E2EB15}.Release|Any CPU.Build.0 = Release|Any CPU
	EndGlobalSection
	GlobalSection(SolutionProperties) = preSolution
		HideSolutionNode = FALSE
	EndGlobalSection
	GlobalSection(ExtensibilityGlobals) = postSolution
		SolutionGuid = {4C43E924-DF28-46DE-890E-1C0BF39BE3B9}
	EndGlobalSection
EndGlobal
